// !$*UTF8*$!
{
	archiveVersion = 1;
	classes = {
	};
	objectVersion = 46;
	objects = {

/* Begin PBXBuildFile section */
		DD2B3DE71CE9CFA900CCF04B /* AppDelegate.swift in Sources */ = {isa = PBXBuildFile; fileRef = DD2B3DE61CE9CFA900CCF04B /* AppDelegate.swift */; };
		DD2B3DE91CE9CFA900CCF04B /* ViewController.swift in Sources */ = {isa = PBXBuildFile; fileRef = DD2B3DE81CE9CFA900CCF04B /* ViewController.swift */; };
		DD2B3DEC1CE9CFA900CCF04B /* Main.storyboard in Resources */ = {isa = PBXBuildFile; fileRef = DD2B3DEA1CE9CFA900CCF04B /* Main.storyboard */; };
		DD2B3DEF1CE9CFA900CCF04B /* CalculatorMidTerm.xcdatamodeld in Sources */ = {isa = PBXBuildFile; fileRef = DD2B3DED1CE9CFA900CCF04B /* CalculatorMidTerm.xcdatamodeld */; };
		DD2B3DF11CE9CFA900CCF04B /* Assets.xcassets in Resources */ = {isa = PBXBuildFile; fileRef = DD2B3DF01CE9CFA900CCF04B /* Assets.xcassets */; };
		DD2B3DF41CE9CFA900CCF04B /* LaunchScreen.storyboard in Resources */ = {isa = PBXBuildFile; fileRef = DD2B3DF21CE9CFA900CCF04B /* LaunchScreen.storyboard */; };
		DD2B3DFF1CE9CFA900CCF04B /* CalculatorMidTermTests.swift in Sources */ = {isa = PBXBuildFile; fileRef = DD2B3DFE1CE9CFA900CCF04B /* CalculatorMidTermTests.swift */; };
		DD2B3E0A1CE9CFA900CCF04B /* CalculatorMidTermUITests.swift in Sources */ = {isa = PBXBuildFile; fileRef = DD2B3E091CE9CFA900CCF04B /* CalculatorMidTermUITests.swift */; };
/* End PBXBuildFile section */

/* Begin PBXContainerItemProxy section */
		DD2B3DFB1CE9CFA900CCF04B /* PBXContainerItemProxy */ = {
			isa = PBXContainerItemProxy;
			containerPortal = DD2B3DDB1CE9CFA900CCF04B /* Project object */;
			proxyType = 1;
			remoteGlobalIDString = DD2B3DE21CE9CFA900CCF04B;
			remoteInfo = CalculatorMidTerm;
		};
		DD2B3E061CE9CFA900CCF04B /* PBXContainerItemProxy */ = {
			isa = PBXContainerItemProxy;
			containerPortal = DD2B3DDB1CE9CFA900CCF04B /* Project object */;
			proxyType = 1;
			remoteGlobalIDString = DD2B3DE21CE9CFA900CCF04B;
			remoteInfo = CalculatorMidTerm;
		};
/* End PBXContainerItemProxy section */

/* Begin PBXFileReference section */
		DD2B3DE31CE9CFA900CCF04B /* CalculatorMidTerm.app */ = {isa = PBXFileReference; explicitFileType = wrapper.application; includeInIndex = 0; path = CalculatorMidTerm.app; sourceTree = BUILT_PRODUCTS_DIR; };
		DD2B3DE61CE9CFA900CCF04B /* AppDelegate.swift */ = {isa = PBXFileReference; lastKnownFileType = sourcecode.swift; path = AppDelegate.swift; sourceTree = "<group>"; };
		DD2B3DE81CE9CFA900CCF04B /* ViewController.swift */ = {isa = PBXFileReference; lastKnownFileType = sourcecode.swift; path = ViewController.swift; sourceTree = "<group>"; };
		DD2B3DEB1CE9CFA900CCF04B /* Base */ = {isa = PBXFileReference; lastKnownFileType = file.storyboard; name = Base; path = Base.lproj/Main.storyboard; sourceTree = "<group>"; };
		DD2B3DEE1CE9CFA900CCF04B /* CalculatorMidTerm.xcdatamodel */ = {isa = PBXFileReference; lastKnownFileType = wrapper.xcdatamodel; path = CalculatorMidTerm.xcdatamodel; sourceTree = "<group>"; };
		DD2B3DF01CE9CFA900CCF04B /* Assets.xcassets */ = {isa = PBXFileReference; lastKnownFileType = folder.assetcatalog; path = Assets.xcassets; sourceTree = "<group>"; };
		DD2B3DF31CE9CFA900CCF04B /* Base */ = {isa = PBXFileReference; lastKnownFileType = file.storyboard; name = Base; path = Base.lproj/LaunchScreen.storyboard; sourceTree = "<group>"; };
		DD2B3DF51CE9CFA900CCF04B /* Info.plist */ = {isa = PBXFileReference; lastKnownFileType = text.plist.xml; path = Info.plist; sourceTree = "<group>"; };
		DD2B3DFA1CE9CFA900CCF04B /* CalculatorMidTermTests.xctest */ = {isa = PBXFileReference; explicitFileType = wrapper.cfbundle; includeInIndex = 0; path = CalculatorMidTermTests.xctest; sourceTree = BUILT_PRODUCTS_DIR; };
		DD2B3DFE1CE9CFA900CCF04B /* CalculatorMidTermTests.swift */ = {isa = PBXFileReference; lastKnownFileType = sourcecode.swift; path = CalculatorMidTermTests.swift; sourceTree = "<group>"; };
		DD2B3E001CE9CFA900CCF04B /* Info.plist */ = {isa = PBXFileReference; lastKnownFileType = text.plist.xml; path = Info.plist; sourceTree = "<group>"; };
		DD2B3E051CE9CFA900CCF04B /* CalculatorMidTermUITests.xctest */ = {isa = PBXFileReference; explicitFileType = wrapper.cfbundle; includeInIndex = 0; path = CalculatorMidTermUITests.xctest; sourceTree = BUILT_PRODUCTS_DIR; };
		DD2B3E091CE9CFA900CCF04B /* CalculatorMidTermUITests.swift */ = {isa = PBXFileReference; lastKnownFileType = sourcecode.swift; path = CalculatorMidTermUITests.swift; sourceTree = "<group>"; };
		DD2B3E0B1CE9CFA900CCF04B /* Info.plist */ = {isa = PBXFileReference; lastKnownFileType = text.plist.xml; path = Info.plist; sourceTree = "<group>"; };
/* End PBXFileReference section */

/* Begin PBXFrameworksBuildPhase section */
		DD2B3DE01CE9CFA900CCF04B /* Frameworks */ = {
			isa = PBXFrameworksBuildPhase;
			buildActionMask = 2147483647;
			files = (
			);
			runOnlyForDeploymentPostprocessing = 0;
		};
		DD2B3DF71CE9CFA900CCF04B /* Frameworks */ = {
			isa = PBXFrameworksBuildPhase;
			buildActionMask = 2147483647;
			files = (
			);
			runOnlyForDeploymentPostprocessing = 0;
		};
		DD2B3E021CE9CFA900CCF04B /* Frameworks */ = {
			isa = PBXFrameworksBuildPhase;
			buildActionMask = 2147483647;
			files = (
			);
			runOnlyForDeploymentPostprocessing = 0;
		};
/* End PBXFrameworksBuildPhase section */

/* Begin PBXGroup section */
		DD2B3DDA1CE9CFA900CCF04B = {
			isa = PBXGroup;
			children = (
				DD2B3DE51CE9CFA900CCF04B /* CalculatorMidTerm */,
				DD2B3DFD1CE9CFA900CCF04B /* CalculatorMidTermTests */,
				DD2B3E081CE9CFA900CCF04B /* CalculatorMidTermUITests */,
				DD2B3DE41CE9CFA900CCF04B /* Products */,
			);
			sourceTree = "<group>";
		};
		DD2B3DE41CE9CFA900CCF04B /* Products */ = {
			isa = PBXGroup;
			children = (
				DD2B3DE31CE9CFA900CCF04B /* CalculatorMidTerm.app */,
				DD2B3DFA1CE9CFA900CCF04B /* CalculatorMidTermTests.xctest */,
				DD2B3E051CE9CFA900CCF04B /* CalculatorMidTermUITests.xctest */,
			);
			name = Products;
			sourceTree = "<group>";
		};
		DD2B3DE51CE9CFA900CCF04B /* CalculatorMidTerm */ = {
			isa = PBXGroup;
			children = (
				DD2B3DE61CE9CFA900CCF04B /* AppDelegate.swift */,
				DD2B3DE81CE9CFA900CCF04B /* ViewController.swift */,
				DD2B3DEA1CE9CFA900CCF04B /* Main.storyboard */,
				DD2B3DF01CE9CFA900CCF04B /* Assets.xcassets */,
				DD2B3DF21CE9CFA900CCF04B /* LaunchScreen.storyboard */,
				DD2B3DF51CE9CFA900CCF04B /* Info.plist */,
				DD2B3DED1CE9CFA900CCF04B /* CalculatorMidTerm.xcdatamodeld */,
			);
			path = CalculatorMidTerm;
			sourceTree = "<group>";
		};
		DD2B3DFD1CE9CFA900CCF04B /* CalculatorMidTermTests */ = {
			isa = PBXGroup;
			children = (
				DD2B3DFE1CE9CFA900CCF04B /* CalculatorMidTermTests.swift */,
				DD2B3E001CE9CFA900CCF04B /* Info.plist */,
			);
			path = CalculatorMidTermTests;
			sourceTree = "<group>";
		};
		DD2B3E081CE9CFA900CCF04B /* CalculatorMidTermUITests */ = {
			isa = PBXGroup;
			children = (
				DD2B3E091CE9CFA900CCF04B /* CalculatorMidTermUITests.swift */,
				DD2B3E0B1CE9CFA900CCF04B /* Info.plist */,
			);
			path = CalculatorMidTermUITests;
			sourceTree = "<group>";
		};
/* End PBXGroup section */

/* Begin PBXNativeTarget section */
		DD2B3DE21CE9CFA900CCF04B /* CalculatorMidTerm */ = {
			isa = PBXNativeTarget;
			buildConfigurationList = DD2B3E0E1CE9CFA900CCF04B /* Build configuration list for PBXNativeTarget "CalculatorMidTerm" */;
			buildPhases = (
				DD2B3DDF1CE9CFA900CCF04B /* Sources */,
				DD2B3DE01CE9CFA900CCF04B /* Frameworks */,
				DD2B3DE11CE9CFA900CCF04B /* Resources */,
			);
			buildRules = (
			);
			dependencies = (
			);
			name = CalculatorMidTerm;
			productName = CalculatorMidTerm;
			productReference = DD2B3DE31CE9CFA900CCF04B /* CalculatorMidTerm.app */;
			productType = "com.apple.product-type.application";
		};
		DD2B3DF91CE9CFA900CCF04B /* CalculatorMidTermTests */ = {
			isa = PBXNativeTarget;
			buildConfigurationList = DD2B3E111CE9CFA900CCF04B /* Build configuration list for PBXNativeTarget "CalculatorMidTermTests" */;
			buildPhases = (
				DD2B3DF61CE9CFA900CCF04B /* Sources */,
				DD2B3DF71CE9CFA900CCF04B /* Frameworks */,
				DD2B3DF81CE9CFA900CCF04B /* Resources */,
			);
			buildRules = (
			);
			dependencies = (
				DD2B3DFC1CE9CFA900CCF04B /* PBXTargetDependency */,
			);
			name = CalculatorMidTermTests;
			productName = CalculatorMidTermTests;
			productReference = DD2B3DFA1CE9CFA900CCF04B /* CalculatorMidTermTests.xctest */;
			productType = "com.apple.product-type.bundle.unit-test";
		};
		DD2B3E041CE9CFA900CCF04B /* CalculatorMidTermUITests */ = {
			isa = PBXNativeTarget;
			buildConfigurationList = DD2B3E141CE9CFA900CCF04B /* Build configuration list for PBXNativeTarget "CalculatorMidTermUITests" */;
			buildPhases = (
				DD2B3E011CE9CFA900CCF04B /* Sources */,
				DD2B3E021CE9CFA900CCF04B /* Frameworks */,
				DD2B3E031CE9CFA900CCF04B /* Resources */,
			);
			buildRules = (
			);
			dependencies = (
				DD2B3E071CE9CFA900CCF04B /* PBXTargetDependency */,
			);
			name = CalculatorMidTermUITests;
			productName = CalculatorMidTermUITests;
			productReference = DD2B3E051CE9CFA900CCF04B /* CalculatorMidTermUITests.xctest */;
			productType = "com.apple.product-type.bundle.ui-testing";
		};
/* End PBXNativeTarget section */

/* Begin PBXProject section */
		DD2B3DDB1CE9CFA900CCF04B /* Project object */ = {
			isa = PBXProject;
			attributes = {
				LastSwiftUpdateCheck = 0730;
				LastUpgradeCheck = 0730;
				ORGANIZATIONNAME = "Shweta Chug";
				TargetAttributes = {
					DD2B3DE21CE9CFA900CCF04B = {
						CreatedOnToolsVersion = 7.3;
						DevelopmentTeam = 4SKM94H7TK;
					};
					DD2B3DF91CE9CFA900CCF04B = {
						CreatedOnToolsVersion = 7.3;
						DevelopmentTeam = 4SKM94H7TK;
						TestTargetID = DD2B3DE21CE9CFA900CCF04B;
					};
					DD2B3E041CE9CFA900CCF04B = {
						CreatedOnToolsVersion = 7.3;
						DevelopmentTeam = 4SKM94H7TK;
						TestTargetID = DD2B3DE21CE9CFA900CCF04B;
					};
				};
			};
			buildConfigurationList = DD2B3DDE1CE9CFA900CCF04B /* Build configuration list for PBXProject "CalculatorMidTerm" */;
			compatibilityVersion = "Xcode 3.2";
			developmentRegion = English;
			hasScannedForEncodings = 0;
			knownRegions = (
				en,
				Base,
			);
			mainGroup = DD2B3DDA1CE9CFA900CCF04B;
			productRefGroup = DD2B3DE41CE9CFA900CCF04B /* Products */;
			projectDirPath = "";
			projectRoot = "";
			targets = (
				DD2B3DE21CE9CFA900CCF04B /* CalculatorMidTerm */,
				DD2B3DF91CE9CFA900CCF04B /* CalculatorMidTermTests */,
				DD2B3E041CE9CFA900CCF04B /* CalculatorMidTermUITests */,
			);
		};
/* End PBXProject section */

/* Begin PBXResourcesBuildPhase section */
		DD2B3DE11CE9CFA900CCF04B /* Resources */ = {
			isa = PBXResourcesBuildPhase;
			buildActionMask = 2147483647;
			files = (
				DD2B3DF41CE9CFA900CCF04B /* LaunchScreen.storyboard in Resources */,
				DD2B3DF11CE9CFA900CCF04B /* Assets.xcassets in Resources */,
				DD2B3DEC1CE9CFA900CCF04B /* Main.storyboard in Resources */,
			);
			runOnlyForDeploymentPostprocessing = 0;
		};
		DD2B3DF81CE9CFA900CCF04B /* Resources */ = {
			isa = PBXResourcesBuildPhase;
			buildActionMask = 2147483647;
			files = (
			);
			runOnlyForDeploymentPostprocessing = 0;
		};
		DD2B3E031CE9CFA900CCF04B /* Resources */ = {
			isa = PBXResourcesBuildPhase;
			buildActionMask = 2147483647;
			files = (
			);
			runOnlyForDeploymentPostprocessing = 0;
		};
/* End PBXResourcesBuildPhase section */

/* Begin PBXSourcesBuildPhase section */
		DD2B3DDF1CE9CFA900CCF04B /* Sources */ = {
			isa = PBXSourcesBuildPhase;
			buildActionMask = 2147483647;
			files = (
				DD2B3DE91CE9CFA900CCF04B /* ViewController.swift in Sources */,
				DD2B3DEF1CE9CFA900CCF04B /* CalculatorMidTerm.xcdatamodeld in Sources */,
				DD2B3DE71CE9CFA900CCF04B /* AppDelegate.swift in Sources */,
			);
			runOnlyForDeploymentPostprocessing = 0;
		};
		DD2B3DF61CE9CFA900CCF04B /* Sources */ = {
			isa = PBXSourcesBuildPhase;
			buildActionMask = 2147483647;
			files = (
				DD2B3DFF1CE9CFA900CCF04B /* CalculatorMidTermTests.swift in Sources */,
			);
			runOnlyForDeploymentPostprocessing = 0;
		};
		DD2B3E011CE9CFA900CCF04B /* Sources */ = {
			isa = PBXSourcesBuildPhase;
			buildActionMask = 2147483647;
			files = (
				DD2B3E0A1CE9CFA900CCF04B /* CalculatorMidTermUITests.swift in Sources */,
			);
			runOnlyForDeploymentPostprocessing = 0;
		};
/* End PBXSourcesBuildPhase section */

/* Begin PBXTargetDependency section */
		DD2B3DFC1CE9CFA900CCF04B /* PBXTargetDependency */ = {
			isa = PBXTargetDependency;
			target = DD2B3DE21CE9CFA900CCF04B /* CalculatorMidTerm */;
			targetProxy = DD2B3DFB1CE9CFA900CCF04B /* PBXContainerItemProxy */;
		};
		DD2B3E071CE9CFA900CCF04B /* PBXTargetDependency */ = {
			isa = PBXTargetDependency;
			target = DD2B3DE21CE9CFA900CCF04B /* CalculatorMidTerm */;
			targetProxy = DD2B3E061CE9CFA900CCF04B /* PBXContainerItemProxy */;
		};
/* End PBXTargetDependency section */

/* Begin PBXVariantGroup section */
		DD2B3DEA1CE9CFA900CCF04B /* Main.storyboard */ = {
			isa = PBXVariantGroup;
			children = (
				DD2B3DEB1CE9CFA900CCF04B /* Base */,
			);
			name = Main.storyboard;
			sourceTree = "<group>";
		};
		DD2B3DF21CE9CFA900CCF04B /* LaunchScreen.storyboard */ = {
			isa = PBXVariantGroup;
			children = (
				DD2B3DF31CE9CFA900CCF04B /* Base */,
			);
			name = LaunchScreen.storyboard;
			sourceTree = "<group>";
		};
/* End PBXVariantGroup section */

/* Begin XCBuildConfiguration section */
		DD2B3E0C1CE9CFA900CCF04B /* Debug */ = {
			isa = XCBuildConfiguration;
			buildSettings = {
				ALWAYS_SEARCH_USER_PATHS = NO;
				CLANG_ANALYZER_NONNULL = YES;
				CLANG_CXX_LANGUAGE_STANDARD = "gnu++0x";
				CLANG_CXX_LIBRARY = "libc++";
				CLANG_ENABLE_MODULES = YES;
				CLANG_ENABLE_OBJC_ARC = YES;
				CLANG_WARN_BOOL_CONVERSION = YES;
				CLANG_WARN_CONSTANT_CONVERSION = YES;
				CLANG_WARN_DIRECT_OBJC_ISA_USAGE = YES_ERROR;
				CLANG_WARN_EMPTY_BODY = YES;
				CLANG_WARN_ENUM_CONVERSION = YES;
				CLANG_WARN_INT_CONVERSION = YES;
				CLANG_WARN_OBJC_ROOT_CLASS = YES_ERROR;
				CLANG_WARN_UNREACHABLE_CODE = YES;
				CLANG_WARN__DUPLICATE_METHOD_MATCH = YES;
				"CODE_SIGN_IDENTITY[sdk=iphoneos*]" = "iPhone Developer";
				COPY_PHASE_STRIP = NO;
				DEBUG_INFORMATION_FORMAT = dwarf;
				ENABLE_STRICT_OBJC_MSGSEND = YES;
				ENABLE_TESTABILITY = YES;
				GCC_C_LANGUAGE_STANDARD = gnu99;
				GCC_DYNAMIC_NO_PIC = NO;
				GCC_NO_COMMON_BLOCKS = YES;
				GCC_OPTIMIZATION_LEVEL = 0;
				GCC_PREPROCESSOR_DEFINITIONS = (
					"DEBUG=1",
					"$(inherited)",
				);
				GCC_WARN_64_TO_32_BIT_CONVERSION = YES;
				GCC_WARN_ABOUT_RETURN_TYPE = YES_ERROR;
				GCC_WARN_UNDECLARED_SELECTOR = YES;
				GCC_WARN_UNINITIALIZED_AUTOS = YES_AGGRESSIVE;
				GCC_WARN_UNUSED_FUNCTION = YES;
				GCC_WARN_UNUSED_VARIABLE = YES;
				IPHONEOS_DEPLOYMENT_TARGET = 9.3;
				MTL_ENABLE_DEBUG_INFO = YES;
				ONLY_ACTIVE_ARCH = YES;
				SDKROOT = iphoneos;
				SWIFT_OPTIMIZATION_LEVEL = "-Onone";
				TARGETED_DEVICE_FAMILY = "1,2";
			};
			name = Debug;
		};
		DD2B3E0D1CE9CFA900CCF04B /* Release */ = {
			isa = XCBuildConfiguration;
			buildSettings = {
				ALWAYS_SEARCH_USER_PATHS = NO;
				CLANG_ANALYZER_NONNULL = YES;
				CLANG_CXX_LANGUAGE_STANDARD = "gnu++0x";
				CLANG_CXX_LIBRARY = "libc++";
				CLANG_ENABLE_MODULES = YES;
				CLANG_ENABLE_OBJC_ARC = YES;
				CLANG_WARN_BOOL_CONVERSION = YES;
				CLANG_WARN_CONSTANT_CONVERSION = YES;
				CLANG_WARN_DIRECT_OBJC_ISA_USAGE = YES_ERROR;
				CLANG_WARN_EMPTY_BODY = YES;
				CLANG_WARN_ENUM_CONVERSION = YES;
				CLANG_WARN_INT_CONVERSION = YES;
				CLANG_WARN_OBJC_ROOT_CLASS = YES_ERROR;
				CLANG_WARN_UNREACHABLE_CODE = YES;
				CLANG_WARN__DUPLICATE_METHOD_MATCH = YES;
				"CODE_SIGN_IDENTITY[sdk=iphoneos*]" = "iPhone Developer";
				COPY_PHASE_STRIP = NO;
				DEBUG_INFORMATION_FORMAT = "dwarf-with-dsym";
				ENABLE_NS_ASSERTIONS = NO;
				ENABLE_STRICT_OBJC_MSGSEND = YES;
				GCC_C_LANGUAGE_STANDARD = gnu99;
				GCC_NO_COMMON_BLOCKS = YES;
				GCC_WARN_64_TO_32_BIT_CONVERSION = YES;
				GCC_WARN_ABOUT_RETURN_TYPE = YES_ERROR;
				GCC_WARN_UNDECLARED_SELECTOR = YES;
				GCC_WARN_UNINITIALIZED_AUTOS = YES_AGGRESSIVE;
				GCC_WARN_UNUSED_FUNCTION = YES;
				GCC_WARN_UNUSED_VARIABLE = YES;
				IPHONEOS_DEPLOYMENT_TARGET = 9.3;
				MTL_ENABLE_DEBUG_INFO = NO;
				SDKROOT = iphoneos;
				TARGETED_DEVICE_FAMILY = "1,2";
				VALIDATE_PRODUCT = YES;
			};
			name = Release;
		};
		DD2B3E0F1CE9CFA900CCF04B /* Debug */ = {
			isa = XCBuildConfiguration;
			buildSettings = {
				ASSETCATALOG_COMPILER_APPICON_NAME = AppIcon;
				INFOPLIST_FILE = CalculatorMidTerm/Info.plist;
				LD_RUNPATH_SEARCH_PATHS = "$(inherited) @executable_path/Frameworks";
				PRODUCT_BUNDLE_IDENTIFIER = au.com.shweta.CalculatorMidTerm;
				PRODUCT_NAME = "$(TARGET_NAME)";
			};
			name = Debug;
		};
		DD2B3E101CE9CFA900CCF04B /* Release */ = {
			isa = XCBuildConfiguration;
			buildSettings = {
				ASSETCATALOG_COMPILER_APPICON_NAME = AppIcon;
				INFOPLIST_FILE = CalculatorMidTerm/Info.plist;
				LD_RUNPATH_SEARCH_PATHS = "$(inherited) @executable_path/Frameworks";
				PRODUCT_BUNDLE_IDENTIFIER = au.com.shweta.CalculatorMidTerm;
				PRODUCT_NAME = "$(TARGET_NAME)";
			};
			name = Release;
		};
		DD2B3E121CE9CFA900CCF04B /* Debug */ = {
			isa = XCBuildConfiguration;
			buildSettings = {
				BUNDLE_LOADER = "$(TEST_HOST)";
				INFOPLIST_FILE = CalculatorMidTermTests/Info.plist;
				LD_RUNPATH_SEARCH_PATHS = "$(inherited) @executable_path/Frameworks @loader_path/Frameworks";
				PRODUCT_BUNDLE_IDENTIFIER = au.com.shweta.CalculatorMidTermTests;
				PRODUCT_NAME = "$(TARGET_NAME)";
				TEST_HOST = "$(BUILT_PRODUCTS_DIR)/CalculatorMidTerm.app/CalculatorMidTerm";
			};
			name = Debug;
		};
		DD2B3E131CE9CFA900CCF04B /* Release */ = {
			isa = XCBuildConfiguration;
			buildSettings = {
				BUNDLE_LOADER = "$(TEST_HOST)";
				INFOPLIST_FILE = CalculatorMidTermTests/Info.plist;
				LD_RUNPATH_SEARCH_PATHS = "$(inherited) @executable_path/Frameworks @loader_path/Frameworks";
				PRODUCT_BUNDLE_IDENTIFIER = au.com.shweta.CalculatorMidTermTests;
				PRODUCT_NAME = "$(TARGET_NAME)";
				TEST_HOST = "$(BUILT_PRODUCTS_DIR)/CalculatorMidTerm.app/CalculatorMidTerm";
			};
			name = Release;
		};
		DD2B3E151CE9CFA900CCF04B /* Debug */ = {
			isa = XCBuildConfiguration;
			buildSettings = {
				INFOPLIST_FILE = CalculatorMidTermUITests/Info.plist;
				LD_RUNPATH_SEARCH_PATHS = "$(inherited) @executable_path/Frameworks @loader_path/Frameworks";
				PRODUCT_BUNDLE_IDENTIFIER = au.com.shweta.CalculatorMidTermUITests;
				PRODUCT_NAME = "$(TARGET_NAME)";
				TEST_TARGET_NAME = CalculatorMidTerm;
			};
			name = Debug;
		};
		DD2B3E161CE9CFA900CCF04B /* Release */ = {
			isa = XCBuildConfiguration;
			buildSettings = {
				INFOPLIST_FILE = CalculatorMidTermUITests/Info.plist;
				LD_RUNPATH_SEARCH_PATHS = "$(inherited) @executable_path/Frameworks @loader_path/Frameworks";
				PRODUCT_BUNDLE_IDENTIFIER = au.com.shweta.CalculatorMidTermUITests;
				PRODUCT_NAME = "$(TARGET_NAME)";
				TEST_TARGET_NAME = CalculatorMidTerm;
			};
			name = Release;
		};
/* End XCBuildConfiguration section */

/* Begin XCConfigurationList section */
		DD2B3DDE1CE9CFA900CCF04B /* Build configuration list for PBXProject "CalculatorMidTerm" */ = {
			isa = XCConfigurationList;
			buildConfigurations = (
				DD2B3E0C1CE9CFA900CCF04B /* Debug */,
				DD2B3E0D1CE9CFA900CCF04B /* Release */,
			);
			defaultConfigurationIsVisible = 0;
			defaultConfigurationName = Release;
		};
		DD2B3E0E1CE9CFA900CCF04B /* Build configuration list for PBXNativeTarget "CalculatorMidTerm" */ = {
			isa = XCConfigurationList;
			buildConfigurations = (
				DD2B3E0F1CE9CFA900CCF04B /* Debug */,
				DD2B3E101CE9CFA900CCF04B /* Release */,
			);
			defaultConfigurationIsVisible = 0;
		};
		DD2B3E111CE9CFA900CCF04B /* Build configuration list for PBXNativeTarget "CalculatorMidTermTests" */ = {
			isa = XCConfigurationList;
			buildConfigurations = (
				DD2B3E121CE9CFA900CCF04B /* Debug */,
				DD2B3E131CE9CFA900CCF04B /* Release */,
			);
			defaultConfigurationIsVisible = 0;
		};
		DD2B3E141CE9CFA900CCF04B /* Build configuration list for PBXNativeTarget "CalculatorMidTermUITests" */ = {
			isa = XCConfigurationList;
			buildConfigurations = (
				DD2B3E151CE9CFA900CCF04B /* Debug */,
				DD2B3E161CE9CFA900CCF04B /* Release */,
			);
			defaultConfigurationIsVisible = 0;
		};
/* End XCConfigurationList section */

/* Begin XCVersionGroup section */
		DD2B3DED1CE9CFA900CCF04B /* CalculatorMidTerm.xcdatamodeld */ = {
			isa = XCVersionGroup;
			children = (
				DD2B3DEE1CE9CFA900CCF04B /* CalculatorMidTerm.xcdatamodel */,
			);
			currentVersion = DD2B3DEE1CE9CFA900CCF04B /* CalculatorMidTerm.xcdatamodel */;
			path = CalculatorMidTerm.xcdatamodeld;
			sourceTree = "<group>";
			versionGroupType = wrapper.xcdatamodel;
		};
/* End XCVersionGroup section */
	};
	rootObject = DD2B3DDB1CE9CFA900CCF04B /* Project object */;
}
